
Microsoft Visual Studio Solution File, Format Version 12.00
Project("{FAE04EC0-301F-11D3-BF4B-00C04F79EFBC}") = "NBigNumerics", "src\NBigNumerics\NBigNumerics.csproj", "{0F16CB4D-1076-4629-AC40-6E78DF65B6FB}"
EndProject
Project("{FAE04EC0-301F-11D3-BF4B-00C04F79EFBC}") = "NBigNumericsTest", "src\NBigNumericsTest\NBigNumericsTest.csproj", "{514C83EE-3DAA-4BC9-8C44-6E6B8904F4E0}"
EndProject
Global
	GlobalSection(SolutionConfigurationPlatforms) = preSolution
		Debug|Any CPU = Debug|Any CPU
		Release|Any CPU = Release|Any CPU
	EndGlobalSection
	GlobalSection(ProjectConfigurationPlatforms) = postSolution
		{0F16CB4D-1076-4629-AC40-6E78DF65B6FB}.Debug|Any CPU.ActiveCfg = Debug|Any CPU
		{0F16CB4D-1076-4629-AC40-6E78DF65B6FB}.Debug|Any CPU.Build.0 = Debug|Any CPU
		{0F16CB4D-1076-4629-AC40-6E78DF65B6FB}.Release|Any CPU.ActiveCfg = Release|Any CPU
		{0F16CB4D-1076-4629-AC40-6E78DF65B6FB}.Release|Any CPU.Build.0 = Release|Any CPU
		{514C83EE-3DAA-4BC9-8C44-6E6B8904F4E0}.Debug|Any CPU.ActiveCfg = Debug|Any CPU
		{514C83EE-3DAA-4BC9-8C44-6E6B8904F4E0}.Debug|Any CPU.Build.0 = Debug|Any CPU
		{514C83EE-3DAA-4BC9-8C44-6E6B8904F4E0}.Release|Any CPU.ActiveCfg = Release|Any CPU
		{514C83EE-3DAA-4BC9-8C44-6E6B8904F4E0}.Release|Any CPU.Build.0 = Release|Any CPU
	EndGlobalSection
EndGlobal
